// !$*UTF8*$!
{
	archiveVersion = 1;
	classes = {
	};
	objectVersion = 77;
	objects = {

/* Begin PBXBuildFile section */
		F38968692D8E4D100083832A /* WebView.swift in Sources */ = {isa = PBXBuildFile; fileRef = F38968682D8E4CE80083832A /* WebView.swift */; };
/* End PBXBuildFile section */

/* Begin PBXContainerItemProxy section */
		F30AC24E2D8E33AB00C58D27 /* PBXContainerItemProxy */ = {
			isa = PBXContainerItemProxy;
			containerPortal = F30AC2352D8E33A500C58D27 /* Project object */;
			proxyType = 1;
			remoteGlobalIDString = F30AC23C2D8E33A600C58D27;
			remoteInfo = InstaRedirectApp;
		};
		F30AC2582D8E33AB00C58D27 /* PBXContainerItemProxy */ = {
			isa = PBXContainerItemProxy;
			containerPortal = F30AC2352D8E33A500C58D27 /* Project object */;
			proxyType = 1;
			remoteGlobalIDString = F30AC23C2D8E33A600C58D27;
			remoteInfo = InstaRedirectApp;
		};
/* End PBXContainerItemProxy section */

/* Begin PBXFileReference section */
		F30AC23D2D8E33A600C58D27 /* InstaRedirectApp.app */ = {isa = PBXFileReference; explicitFileType = wrapper.application; includeInIndex = 0; path = InstaRedirectApp.app; sourceTree = BUILT_PRODUCTS_DIR; };
		F30AC24D2D8E33AB00C58D27 /* InstaRedirectAppTests.xctest */ = {isa = PBXFileReference; explicitFileType = wrapper.cfbundle; includeInIndex = 0; path = InstaRedirectAppTests.xctest; sourceTree = BUILT_PRODUCTS_DIR; };
		F30AC2572D8E33AB00C58D27 /* InstaRedirectAppUITests.xctest */ = {isa = PBXFileReference; explicitFileType = wrapper.cfbundle; includeInIndex = 0; path = InstaRedirectAppUITests.xctest; sourceTree = BUILT_PRODUCTS_DIR; };
		F38968682D8E4CE80083832A /* WebView.swift */ = {isa = PBXFileReference; lastKnownFileType = sourcecode.swift; path = WebView.swift; sourceTree = "<group>"; };
/* End PBXFileReference section */

/* Begin PBXFileSystemSynchronizedRootGroup section */
		F30AC23F2D8E33A600C58D27 /* InstaRedirectApp */ = {
			isa = PBXFileSystemSynchronizedRootGroup;
			path = InstaRedirectApp;
			sourceTree = "<group>";
		};
		F30AC2502D8E33AB00C58D27 /* InstaRedirectAppTests */ = {
			isa = PBXFileSystemSynchronizedRootGroup;
			path = InstaRedirectAppTests;
			sourceTree = "<group>";
		};
		F30AC25A2D8E33AB00C58D27 /* InstaRedirectAppUITests */ = {
			isa = PBXFileSystemSynchronizedRootGroup;
			path = InstaRedirectAppUITests;
			sourceTree = "<group>";
		};
/* End PBXFileSystemSynchronizedRootGroup section */

/* Begin PBXFrameworksBuildPhase section */
		F30AC23A2D8E33A600C58D27 /* Frameworks */ = {
			isa = PBXFrameworksBuildPhase;
			buildActionMask = 2147483647;
			files = (
			);
			runOnlyForDeploymentPostprocessing = 0;
		};
		F30AC24A2D8E33AB00C58D27 /* Frameworks */ = {
			isa = PBXFrameworksBuildPhase;
			buildActionMask = 2147483647;
			files = (
			);
			runOnlyForDeploymentPostprocessing = 0;
		};
		F30AC2542D8E33AB00C58D27 /* Frameworks */ = {
			isa = PBXFrameworksBuildPhase;
			buildActionMask = 2147483647;
			files = (
			);
			runOnlyForDeploymentPostprocessing = 0;
		};
/* End PBXFrameworksBuildPhase section */

/* Begin PBXGroup section */
		F30AC2342D8E33A500C58D27 = {
			isa = PBXGroup;
			children = (
				F38968682D8E4CE80083832A /* WebView.swift */,
				F30AC23F2D8E33A600C58D27 /* InstaRedirectApp */,
				F30AC2502D8E33AB00C58D27 /* InstaRedirectAppTests */,
				F30AC25A2D8E33AB00C58D27 /* InstaRedirectAppUITests */,
				F30AC23E2D8E33A600C58D27 /* Products */,
			);
			sourceTree = "<group>";
		};
		F30AC23E2D8E33A600C58D27 /* Products */ = {
			isa = PBXGroup;
			children = (
				F30AC23D2D8E33A600C58D27 /* InstaRedirectApp.app */,
				F30AC24D2D8E33AB00C58D27 /* InstaRedirectAppTests.xctest */,
				F30AC2572D8E33AB00C58D27 /* InstaRedirectAppUITests.xctest */,
			);
			name = Products;
			sourceTree = "<group>";
		};
/* End PBXGroup section */

/* Begin PBXNativeTarget section */
		F30AC23C2D8E33A600C58D27 /* InstaRedirectApp */ = {
			isa = PBXNativeTarget;
			buildConfigurationList = F30AC2612D8E33AB00C58D27 /* Build configuration list for PBXNativeTarget "InstaRedirectApp" */;
			buildPhases = (
				F30AC2392D8E33A600C58D27 /* Sources */,
				F30AC23A2D8E33A600C58D27 /* Frameworks */,
				F30AC23B2D8E33A600C58D27 /* Resources */,
			);
			buildRules = (
			);
			dependencies = (
			);
			fileSystemSynchronizedGroups = (
				F30AC23F2D8E33A600C58D27 /* InstaRedirectApp */,
			);
			name = InstaRedirectApp;
			packageProductDependencies = (
			);
			productName = InstaRedirectApp;
			productReference = F30AC23D2D8E33A600C58D27 /* InstaRedirectApp.app */;
			productType = "com.apple.product-type.application";
		};
		F30AC24C2D8E33AB00C58D27 /* InstaRedirectAppTests */ = {
			isa = PBXNativeTarget;
			buildConfigurationList = F30AC2642D8E33AB00C58D27 /* Build configuration list for PBXNativeTarget "InstaRedirectAppTests" */;
			buildPhases = (
				F30AC2492D8E33AB00C58D27 /* Sources */,
				F30AC24A2D8E33AB00C58D27 /* Frameworks */,
				F30AC24B2D8E33AB00C58D27 /* Resources */,
			);
			buildRules = (
			);
			dependencies = (
				F30AC24F2D8E33AB00C58D27 /* PBXTargetDependency */,
			);
			fileSystemSynchronizedGroups = (
				F30AC2502D8E33AB00C58D27 /* InstaRedirectAppTests */,
			);
			name = InstaRedirectAppTests;
			packageProductDependencies = (
			);
			productName = InstaRedirectAppTests;
			productReference = F30AC24D2D8E33AB00C58D27 /* InstaRedirectAppTests.xctest */;
			productType = "com.apple.product-type.bundle.unit-test";
		};
		F30AC2562D8E33AB00C58D27 /* InstaRedirectAppUITests */ = {
			isa = PBXNativeTarget;
			buildConfigurationList = F30AC2672D8E33AB00C58D27 /* Build configuration list for PBXNativeTarget "InstaRedirectAppUITests" */;
			buildPhases = (
				F30AC2532D8E33AB00C58D27 /* Sources */,
				F30AC2542D8E33AB00C58D27 /* Frameworks */,
				F30AC2552D8E33AB00C58D27 /* Resources */,
			);
			buildRules = (
			);
			dependencies = (
				F30AC2592D8E33AB00C58D27 /* PBXTargetDependency */,
			);
			fileSystemSynchronizedGroups = (
				F30AC25A2D8E33AB00C58D27 /* InstaRedirectAppUITests */,
			);
			name = InstaRedirectAppUITests;
			packageProductDependencies = (
			);
			productName = InstaRedirectAppUITests;
			productReference = F30AC2572D8E33AB00C58D27 /* InstaRedirectAppUITests.xctest */;
			productType = "com.apple.product-type.bundle.ui-testing";
		};
/* End PBXNativeTarget section */

/* Begin PBXProject section */
		F30AC2352D8E33A500C58D27 /* Project object */ = {
			isa = PBXProject;
			attributes = {
				BuildIndependentTargetsInParallel = 1;
				LastSwiftUpdateCheck = 1620;
				LastUpgradeCheck = 1620;
				TargetAttributes = {
					F30AC23C2D8E33A600C58D27 = {
						CreatedOnToolsVersion = 16.2;
					};
					F30AC24C2D8E33AB00C58D27 = {
						CreatedOnToolsVersion = 16.2;
						TestTargetID = F30AC23C2D8E33A600C58D27;
					};
					F30AC2562D8E33AB00C58D27 = {
						CreatedOnToolsVersion = 16.2;
						TestTargetID = F30AC23C2D8E33A600C58D27;
					};
				};
			};
			buildConfigurationList = F30AC2382D8E33A500C58D27 /* Build configuration list for PBXProject "InstaRedirectApp" */;
			developmentRegion = en;
			hasScannedForEncodings = 0;
			knownRegions = (
				en,
				Base,
			);
			mainGroup = F30AC2342D8E33A500C58D27;
			minimizedProjectReferenceProxies = 1;
			preferredProjectObjectVersion = 77;
			productRefGroup = F30AC23E2D8E33A600C58D27 /* Products */;
			projectDirPath = "";
			projectRoot = "";
			targets = (
				F30AC23C2D8E33A600C58D27 /* InstaRedirectApp */,
				F30AC24C2D8E33AB00C58D27 /* InstaRedirectAppTests */,
				F30AC2562D8E33AB00C58D27 /* InstaRedirectAppUITests */,
			);
		};
/* End PBXProject section */

/* Begin PBXResourcesBuildPhase section */
		F30AC23B2D8E33A600C58D27 /* Resources */ = {
			isa = PBXResourcesBuildPhase;
			buildActionMask = 2147483647;
			files = (
			);
			runOnlyForDeploymentPostprocessing = 0;
		};
		F30AC24B2D8E33AB00C58D27 /* Resources */ = {
			isa = PBXResourcesBuildPhase;
			buildActionMask = 2147483647;
			files = (
			);
			runOnlyForDeploymentPostprocessing = 0;
		};
		F30AC2552D8E33AB00C58D27 /* Resources */ = {
			isa = PBXResourcesBuildPhase;
			buildActionMask = 2147483647;
			files = (
			);
			runOnlyForDeploymentPostprocessing = 0;
		};
/* End PBXResourcesBuildPhase section */

/* Begin PBXSourcesBuildPhase section */
		F30AC2392D8E33A600C58D27 /* Sources */ = {
			isa = PBXSourcesBuildPhase;
			buildActionMask = 2147483647;
			files = (
				F38968692D8E4D100083832A /* WebView.swift in Sources */,
			);
			runOnlyForDeploymentPostprocessing = 0;
		};
		F30AC2492D8E33AB00C58D27 /* Sources */ = {
			isa = PBXSourcesBuildPhase;
			buildActionMask = 2147483647;
			files = (
			);
			runOnlyForDeploymentPostprocessing = 0;
		};
		F30AC2532D8E33AB00C58D27 /* Sources */ = {
			isa = PBXSourcesBuildPhase;
			buildActionMask = 2147483647;
			files = (
			);
			runOnlyForDeploymentPostprocessing = 0;
		};
/* End PBXSourcesBuildPhase section */

/* Begin PBXTargetDependency section */
		F30AC24F2D8E33AB00C58D27 /* PBXTargetDependency */ = {
			isa = PBXTargetDependency;
			target = F30AC23C2D8E33A600C58D27 /* InstaRedirectApp */;
			targetProxy = F30AC24E2D8E33AB00C58D27 /* PBXContainerItemProxy */;
		};
		F30AC2592D8E33AB00C58D27 /* PBXTargetDependency */ = {
			isa = PBXTargetDependency;
			target = F30AC23C2D8E33A600C58D27 /* InstaRedirectApp */;
			targetProxy = F30AC2582D8E33AB00C58D27 /* PBXContainerItemProxy */;
		};
/* End PBXTargetDependency section */

/* Begin XCBuildConfiguration section */
		F30AC25F2D8E33AB00C58D27 /* Debug */ = {
			isa = XCBuildConfiguration;
			buildSettings = {
				ALWAYS_SEARCH_USER_PATHS = NO;
				ASSETCATALOG_COMPILER_GENERATE_SWIFT_ASSET_SYMBOL_EXTENSIONS = YES;
				CLANG_ANALYZER_NONNULL = YES;
				CLANG_ANALYZER_NUMBER_OBJECT_CONVERSION = YES_AGGRESSIVE;
				CLANG_CXX_LANGUAGE_STANDARD = "gnu++20";
				CLANG_ENABLE_MODULES = YES;
				CLANG_ENABLE_OBJC_ARC = YES;
				CLANG_ENABLE_OBJC_WEAK = YES;
				CLANG_WARN_BLOCK_CAPTURE_AUTORELEASING = YES;
				CLANG_WARN_BOOL_CONVERSION = YES;
				CLANG_WARN_COMMA = YES;
				CLANG_WARN_CONSTANT_CONVERSION = YES;
				CLANG_WARN_DEPRECATED_OBJC_IMPLEMENTATIONS = YES;
				CLANG_WARN_DIRECT_OBJC_ISA_USAGE = YES_ERROR;
				CLANG_WARN_DOCUMENTATION_COMMENTS = YES;
				CLANG_WARN_EMPTY_BODY = YES;
				CLANG_WARN_ENUM_CONVERSION = YES;
				CLANG_WARN_INFINITE_RECURSION = YES;
				CLANG_WARN_INT_CONVERSION = YES;
				CLANG_WARN_NON_LITERAL_NULL_CONVERSION = YES;
				CLANG_WARN_OBJC_IMPLICIT_RETAIN_SELF = YES;
				CLANG_WARN_OBJC_LITERAL_CONVERSION = YES;
				CLANG_WARN_OBJC_ROOT_CLASS = YES_ERROR;
				CLANG_WARN_QUOTED_INCLUDE_IN_FRAMEWORK_HEADER = YES;
				CLANG_WARN_RANGE_LOOP_ANALYSIS = YES;
				CLANG_WARN_STRICT_PROTOTYPES = YES;
				CLANG_WARN_SUSPICIOUS_MOVE = YES;
				CLANG_WARN_UNGUARDED_AVAILABILITY = YES_AGGRESSIVE;
				CLANG_WARN_UNREACHABLE_CODE = YES;
				CLANG_WARN__DUPLICATE_METHOD_MATCH = YES;
				COPY_PHASE_STRIP = NO;
				DEBUG_INFORMATION_FORMAT = dwarf;
				ENABLE_STRICT_OBJC_MSGSEND = YES;
				ENABLE_TESTABILITY = YES;
				ENABLE_USER_SCRIPT_SANDBOXING = YES;
				GCC_C_LANGUAGE_STANDARD = gnu17;
				GCC_DYNAMIC_NO_PIC = NO;
				GCC_NO_COMMON_BLOCKS = YES;
				GCC_OPTIMIZATION_LEVEL = 0;
				GCC_PREPROCESSOR_DEFINITIONS = (
					"DEBUG=1",
					"$(inherited)",
				);
				GCC_WARN_64_TO_32_BIT_CONVERSION = YES;
				GCC_WARN_ABOUT_RETURN_TYPE = YES_ERROR;
				GCC_WARN_UNDECLARED_SELECTOR = YES;
				GCC_WARN_UNINITIALIZED_AUTOS = YES_AGGRESSIVE;
				GCC_WARN_UNUSED_FUNCTION = YES;
				GCC_WARN_UNUSED_VARIABLE = YES;
				IPHONEOS_DEPLOYMENT_TARGET = 18.2;
				LOCALIZATION_PREFERS_STRING_CATALOGS = YES;
				MTL_ENABLE_DEBUG_INFO = INCLUDE_SOURCE;
				MTL_FAST_MATH = YES;
				ONLY_ACTIVE_ARCH = YES;
				SDKROOT = iphoneos;
				SWIFT_ACTIVE_COMPILATION_CONDITIONS = "DEBUG $(inherited)";
				SWIFT_OPTIMIZATION_LEVEL = "-Onone";
			};
			name = Debug;
		};
		F30AC2602D8E33AB00C58D27 /* Release */ = {
			isa = XCBuildConfiguration;
			buildSettings = {
				ALWAYS_SEARCH_USER_PATHS = NO;
				ASSETCATALOG_COMPILER_GENERATE_SWIFT_ASSET_SYMBOL_EXTENSIONS = YES;
				CLANG_ANALYZER_NONNULL = YES;
				CLANG_ANALYZER_NUMBER_OBJECT_CONVERSION = YES_AGGRESSIVE;
				CLANG_CXX_LANGUAGE_STANDARD = "gnu++20";
				CLANG_ENABLE_MODULES = YES;
				CLANG_ENABLE_OBJC_ARC = YES;
				CLANG_ENABLE_OBJC_WEAK = YES;
				CLANG_WARN_BLOCK_CAPTURE_AUTORELEASING = YES;
				CLANG_WARN_BOOL_CONVERSION = YES;
				CLANG_WARN_COMMA = YES;
				CLANG_WARN_CONSTANT_CONVERSION = YES;
				CLANG_WARN_DEPRECATED_OBJC_IMPLEMENTATIONS = YES;
				CLANG_WARN_DIRECT_OBJC_ISA_USAGE = YES_ERROR;
				CLANG_WARN_DOCUMENTATION_COMMENTS = YES;
				CLANG_WARN_EMPTY_BODY = YES;
				CLANG_WARN_ENUM_CONVERSION = YES;
				CLANG_WARN_INFINITE_RECURSION = YES;
				CLANG_WARN_INT_CONVERSION = YES;
				CLANG_WARN_NON_LITERAL_NULL_CONVERSION = YES;
				CLANG_WARN_OBJC_IMPLICIT_RETAIN_SELF = YES;
				CLANG_WARN_OBJC_LITERAL_CONVERSION = YES;
				CLANG_WARN_OBJC_ROOT_CLASS = YES_ERROR;
				CLANG_WARN_QUOTED_INCLUDE_IN_FRAMEWORK_HEADER = YES;
				CLANG_WARN_RANGE_LOOP_ANALYSIS = YES;
				CLANG_WARN_STRICT_PROTOTYPES = YES;
				CLANG_WARN_SUSPICIOUS_MOVE = YES;
				CLANG_WARN_UNGUARDED_AVAILABILITY = YES_AGGRESSIVE;
				CLANG_WARN_UNREACHABLE_CODE = YES;
				CLANG_WARN__DUPLICATE_METHOD_MATCH = YES;
				COPY_PHASE_STRIP = NO;
				DEBUG_INFORMATION_FORMAT = "dwarf-with-dsym";
				ENABLE_NS_ASSERTIONS = NO;
				ENABLE_STRICT_OBJC_MSGSEND = YES;
				ENABLE_USER_SCRIPT_SANDBOXING = YES;
				GCC_C_LANGUAGE_STANDARD = gnu17;
				GCC_NO_COMMON_BLOCKS = YES;
				GCC_WARN_64_TO_32_BIT_CONVERSION = YES;
				GCC_WARN_ABOUT_RETURN_TYPE = YES_ERROR;
				GCC_WARN_UNDECLARED_SELECTOR = YES;
				GCC_WARN_UNINITIALIZED_AUTOS = YES_AGGRESSIVE;
				GCC_WARN_UNUSED_FUNCTION = YES;
				GCC_WARN_UNUSED_VARIABLE = YES;
				IPHONEOS_DEPLOYMENT_TARGET = 18.2;
				LOCALIZATION_PREFERS_STRING_CATALOGS = YES;
				MTL_ENABLE_DEBUG_INFO = NO;
				MTL_FAST_MATH = YES;
				SDKROOT = iphoneos;
				SWIFT_COMPILATION_MODE = wholemodule;
				VALIDATE_PRODUCT = YES;
			};
			name = Release;
		};
		F30AC2622D8E33AB00C58D27 /* Debug */ = {
			isa = XCBuildConfiguration;
			buildSettings = {
				ASSETCATALOG_COMPILER_APPICON_NAME = AppIcon;
				ASSETCATALOG_COMPILER_GLOBAL_ACCENT_COLOR_NAME = AccentColor;
				ASSETCATALOG_COMPILER_INCLUDE_ALL_APPICON_ASSETS = NO;
				CODE_SIGN_STYLE = Automatic;
				CURRENT_PROJECT_VERSION = 1;
				DEVELOPMENT_ASSET_PATHS = "\"InstaRedirectApp/Preview Content\"";
				ENABLE_PREVIEWS = YES;
				GENERATE_INFOPLIST_FILE = YES;
				INFOPLIST_KEY_UIApplicationSceneManifest_Generation = YES;
				INFOPLIST_KEY_UIApplicationSupportsIndirectInputEvents = YES;
				INFOPLIST_KEY_UILaunchScreen_Generation = YES;
				INFOPLIST_KEY_UISupportedInterfaceOrientations_iPad = "UIInterfaceOrientationPortrait UIInterfaceOrientationPortraitUpsideDown UIInterfaceOrientationLandscapeLeft UIInterfaceOrientationLandscapeRight";
				INFOPLIST_KEY_UISupportedInterfaceOrientations_iPhone = "UIInterfaceOrientationPortrait UIInterfaceOrientationLandscapeLeft UIInterfaceOrientationLandscapeRight";
				LD_RUNPATH_SEARCH_PATHS = (
					"$(inherited)",
					"@executable_path/Frameworks",
				);
				MARKETING_VERSION = 1.0;
				PRODUCT_BUNDLE_IDENTIFIER = abstractionteam10.InstaRedirectApp;
				PRODUCT_NAME = "$(TARGET_NAME)";
				SWIFT_EMIT_LOC_STRINGS = YES;
				SWIFT_VERSION = 5.0;
				TARGETED_DEVICE_FAMILY = "1,2";
			};
			name = Debug;
		};
		F30AC2632D8E33AB00C58D27 /* Release */ = {
			isa = XCBuildConfiguration;
			buildSettings = {
				ASSETCATALOG_COMPILER_APPICON_NAME = AppIcon;
				ASSETCATALOG_COMPILER_GLOBAL_ACCENT_COLOR_NAME = AccentColor;
				ASSETCATALOG_COMPILER_INCLUDE_ALL_APPICON_ASSETS = NO;
				CODE_SIGN_STYLE = Automatic;
				CURRENT_PROJECT_VERSION = 1;
				DEVELOPMENT_ASSET_PATHS = "\"InstaRedirectApp/Preview Content\"";
				ENABLE_PREVIEWS = YES;
				GENERATE_INFOPLIST_FILE = YES;
				INFOPLIST_KEY_UIApplicationSceneManifest_Generation = YES;
				INFOPLIST_KEY_UIApplicationSupportsIndirectInputEvents = YES;
				INFOPLIST_KEY_UILaunchScreen_Generation = YES;
				INFOPLIST_KEY_UISupportedInterfaceOrientations_iPad = "UIInterfaceOrientationPortrait UIInterfaceOrientationPortraitUpsideDown UIInterfaceOrientationLandscapeLeft UIInterfaceOrientationLandscapeRight";
				INFOPLIST_KEY_UISupportedInterfaceOrientations_iPhone = "UIInterfaceOrientationPortrait UIInterfaceOrientationLandscapeLeft UIInterfaceOrientationLandscapeRight";
				LD_RUNPATH_SEARCH_PATHS = (
					"$(inherited)",
					"@executable_path/Frameworks",
				);
				MARKETING_VERSION = 1.0;
				PRODUCT_BUNDLE_IDENTIFIER = abstractionteam10.InstaRedirectApp;
				PRODUCT_NAME = "$(TARGET_NAME)";
				SWIFT_EMIT_LOC_STRINGS = YES;
				SWIFT_VERSION = 5.0;
				TARGETED_DEVICE_FAMILY = "1,2";
			};
			name = Release;
		};
		F30AC2652D8E33AB00C58D27 /* Debug */ = {
			isa = XCBuildConfiguration;
			buildSettings = {
				BUNDLE_LOADER = "$(TEST_HOST)";
				CODE_SIGN_STYLE = Automatic;
				CURRENT_PROJECT_VERSION = 1;
				GENERATE_INFOPLIST_FILE = YES;
				IPHONEOS_DEPLOYMENT_TARGET = 18.2;
				MARKETING_VERSION = 1.0;
				PRODUCT_BUNDLE_IDENTIFIER = abstractionteam10.InstaRedirectAppTests;
				PRODUCT_NAME = "$(TARGET_NAME)";
				SWIFT_EMIT_LOC_STRINGS = NO;
				SWIFT_VERSION = 5.0;
				TARGETED_DEVICE_FAMILY = "1,2";
				TEST_HOST = "$(BUILT_PRODUCTS_DIR)/InstaRedirectApp.app/$(BUNDLE_EXECUTABLE_FOLDER_PATH)/InstaRedirectApp";
			};
			name = Debug;
		};
		F30AC2662D8E33AB00C58D27 /* Release */ = {
			isa = XCBuildConfiguration;
			buildSettings = {
				BUNDLE_LOADER = "$(TEST_HOST)";
				CODE_SIGN_STYLE = Automatic;
				CURRENT_PROJECT_VERSION = 1;
				GENERATE_INFOPLIST_FILE = YES;
				IPHONEOS_DEPLOYMENT_TARGET = 18.2;
				MARKETING_VERSION = 1.0;
				PRODUCT_BUNDLE_IDENTIFIER = abstractionteam10.InstaRedirectAppTests;
				PRODUCT_NAME = "$(TARGET_NAME)";
				SWIFT_EMIT_LOC_STRINGS = NO;
				SWIFT_VERSION = 5.0;
				TARGETED_DEVICE_FAMILY = "1,2";
				TEST_HOST = "$(BUILT_PRODUCTS_DIR)/InstaRedirectApp.app/$(BUNDLE_EXECUTABLE_FOLDER_PATH)/InstaRedirectApp";
			};
			name = Release;
		};
		F30AC2682D8E33AB00C58D27 /* Debug */ = {
			isa = XCBuildConfiguration;
			buildSettings = {
				CODE_SIGN_STYLE = Automatic;
				CURRENT_PROJECT_VERSION = 1;
				GENERATE_INFOPLIST_FILE = YES;
				MARKETING_VERSION = 1.0;
				PRODUCT_BUNDLE_IDENTIFIER = abstractionteam10.InstaRedirectAppUITests;
				PRODUCT_NAME = "$(TARGET_NAME)";
				SWIFT_EMIT_LOC_STRINGS = NO;
				SWIFT_VERSION = 5.0;
				TARGETED_DEVICE_FAMILY = "1,2";
				TEST_TARGET_NAME = InstaRedirectApp;
			};
			name = Debug;
		};
		F30AC2692D8E33AB00C58D27 /* Release */ = {
			isa = XCBuildConfiguration;
			buildSettings = {
				CODE_SIGN_STYLE = Automatic;
				CURRENT_PROJECT_VERSION = 1;
				GENERATE_INFOPLIST_FILE = YES;
				MARKETING_VERSION = 1.0;
				PRODUCT_BUNDLE_IDENTIFIER = abstractionteam10.InstaRedirectAppUITests;
				PRODUCT_NAME = "$(TARGET_NAME)";
				SWIFT_EMIT_LOC_STRINGS = NO;
				SWIFT_VERSION = 5.0;
				TARGETED_DEVICE_FAMILY = "1,2";
				TEST_TARGET_NAME = InstaRedirectApp;
			};
			name = Release;
		};
/* End XCBuildConfiguration section */

/* Begin XCConfigurationList section */
		F30AC2382D8E33A500C58D27 /* Build configuration list for PBXProject "InstaRedirectApp" */ = {
			isa = XCConfigurationList;
			buildConfigurations = (
				F30AC25F2D8E33AB00C58D27 /* Debug */,
				F30AC2602D8E33AB00C58D27 /* Release */,
			);
			defaultConfigurationIsVisible = 0;
			defaultConfigurationName = Release;
		};
		F30AC2612D8E33AB00C58D27 /* Build configuration list for PBXNativeTarget "InstaRedirectApp" */ = {
			isa = XCConfigurationList;
			buildConfigurations = (
				F30AC2622D8E33AB00C58D27 /* Debug */,
				F30AC2632D8E33AB00C58D27 /* Release */,
			);
			defaultConfigurationIsVisible = 0;
			defaultConfigurationName = Release;
		};
		F30AC2642D8E33AB00C58D27 /* Build configuration list for PBXNativeTarget "InstaRedirectAppTests" */ = {
			isa = XCConfigurationList;
			buildConfigurations = (
				F30AC2652D8E33AB00C58D27 /* Debug */,
				F30AC2662D8E33AB00C58D27 /* Release */,
			);
			defaultConfigurationIsVisible = 0;
			defaultConfigurationName = Release;
		};
		F30AC2672D8E33AB00C58D27 /* Build configuration list for PBXNativeTarget "InstaRedirectAppUITests" */ = {
			isa = XCConfigurationList;
			buildConfigurations = (
				F30AC2682D8E33AB00C58D27 /* Debug */,
				F30AC2692D8E33AB00C58D27 /* Release */,
			);
			defaultConfigurationIsVisible = 0;
			defaultConfigurationName = Release;
		};
/* End XCConfigurationList section */
	};
	rootObject = F30AC2352D8E33A500C58D27 /* Project object */;
}
